// !$*UTF8*$!
{
	archiveVersion = 1;
	classes = {
	};
	objectVersion = 46;
	objects = {

/* Begin PBXBuildFile section */
		0005EBFD1C0D62B6004A3473 /* main.m in Sources */ = {isa = PBXBuildFile; fileRef = 0005EBFC1C0D62B6004A3473 /* main.m */; };
		0005EC001C0D62B6004A3473 /* AppDelegate.m in Sources */ = {isa = PBXBuildFile; fileRef = 0005EBFF1C0D62B6004A3473 /* AppDelegate.m */; };
		0005EC031C0D62B6004A3473 /* ViewController.m in Sources */ = {isa = PBXBuildFile; fileRef = 0005EC021C0D62B6004A3473 /* ViewController.m */; };
		0005EC061C0D62B6004A3473 /* Main.storyboard in Resources */ = {isa = PBXBuildFile; fileRef = 0005EC041C0D62B6004A3473 /* Main.storyboard */; };
		0005EC081C0D62B6004A3473 /* Assets.xcassets in Resources */ = {isa = PBXBuildFile; fileRef = 0005EC071C0D62B6004A3473 /* Assets.xcassets */; };
		0005EC0B1C0D62B6004A3473 /* LaunchScreen.storyboard in Resources */ = {isa = PBXBuildFile; fileRef = 0005EC091C0D62B6004A3473 /* LaunchScreen.storyboard */; };
		0005EC161C0D62B6004A3473 /* ByteOrderCheckerTests.m in Sources */ = {isa = PBXBuildFile; fileRef = 0005EC151C0D62B6004A3473 /* ByteOrderCheckerTests.m */; };
		0005EC211C0D62B6004A3473 /* ByteOrderCheckerUITests.m in Sources */ = {isa = PBXBuildFile; fileRef = 0005EC201C0D62B6004A3473 /* ByteOrderCheckerUITests.m */; };
/* End PBXBuildFile section */

/* Begin PBXContainerItemProxy section */
		0005EC121C0D62B6004A3473 /* PBXContainerItemProxy */ = {
			isa = PBXContainerItemProxy;
			containerPortal = 0005EBF01C0D62B5004A3473 /* Project object */;
			proxyType = 1;
			remoteGlobalIDString = 0005EBF71C0D62B6004A3473;
			remoteInfo = ByteOrderChecker;
		};
		0005EC1D1C0D62B6004A3473 /* PBXContainerItemProxy */ = {
			isa = PBXContainerItemProxy;
			containerPortal = 0005EBF01C0D62B5004A3473 /* Project object */;
			proxyType = 1;
			remoteGlobalIDString = 0005EBF71C0D62B6004A3473;
			remoteInfo = ByteOrderChecker;
		};
/* End PBXContainerItemProxy section */

/* Begin PBXFileReference section */
		0005EBF81C0D62B6004A3473 /* ByteOrderChecker.app */ = {isa = PBXFileReference; explicitFileType = wrapper.application; includeInIndex = 0; path = ByteOrderChecker.app; sourceTree = BUILT_PRODUCTS_DIR; };
		0005EBFC1C0D62B6004A3473 /* main.m */ = {isa = PBXFileReference; lastKnownFileType = sourcecode.c.objc; path = main.m; sourceTree = "<group>"; };
		0005EBFE1C0D62B6004A3473 /* AppDelegate.h */ = {isa = PBXFileReference; lastKnownFileType = sourcecode.c.h; path = AppDelegate.h; sourceTree = "<group>"; };
		0005EBFF1C0D62B6004A3473 /* AppDelegate.m */ = {isa = PBXFileReference; lastKnownFileType = sourcecode.c.objc; path = AppDelegate.m; sourceTree = "<group>"; };
		0005EC011C0D62B6004A3473 /* ViewController.h */ = {isa = PBXFileReference; lastKnownFileType = sourcecode.c.h; path = ViewController.h; sourceTree = "<group>"; };
		0005EC021C0D62B6004A3473 /* ViewController.m */ = {isa = PBXFileReference; lastKnownFileType = sourcecode.c.objc; path = ViewController.m; sourceTree = "<group>"; };
		0005EC051C0D62B6004A3473 /* Base */ = {isa = PBXFileReference; lastKnownFileType = file.storyboard; name = Base; path = Base.lproj/Main.storyboard; sourceTree = "<group>"; };
		0005EC071C0D62B6004A3473 /* Assets.xcassets */ = {isa = PBXFileReference; lastKnownFileType = folder.assetcatalog; path = Assets.xcassets; sourceTree = "<group>"; };
		0005EC0A1C0D62B6004A3473 /* Base */ = {isa = PBXFileReference; lastKnownFileType = file.storyboard; name = Base; path = Base.lproj/LaunchScreen.storyboard; sourceTree = "<group>"; };
		0005EC0C1C0D62B6004A3473 /* Info.plist */ = {isa = PBXFileReference; lastKnownFileType = text.plist.xml; path = Info.plist; sourceTree = "<group>"; };
		0005EC111C0D62B6004A3473 /* ByteOrderCheckerTests.xctest */ = {isa = PBXFileReference; explicitFileType = wrapper.cfbundle; includeInIndex = 0; path = ByteOrderCheckerTests.xctest; sourceTree = BUILT_PRODUCTS_DIR; };
		0005EC151C0D62B6004A3473 /* ByteOrderCheckerTests.m */ = {isa = PBXFileReference; lastKnownFileType = sourcecode.c.objc; path = ByteOrderCheckerTests.m; sourceTree = "<group>"; };
		0005EC171C0D62B6004A3473 /* Info.plist */ = {isa = PBXFileReference; lastKnownFileType = text.plist.xml; path = Info.plist; sourceTree = "<group>"; };
		0005EC1C1C0D62B6004A3473 /* ByteOrderCheckerUITests.xctest */ = {isa = PBXFileReference; explicitFileType = wrapper.cfbundle; includeInIndex = 0; path = ByteOrderCheckerUITests.xctest; sourceTree = BUILT_PRODUCTS_DIR; };
		0005EC201C0D62B6004A3473 /* ByteOrderCheckerUITests.m */ = {isa = PBXFileReference; lastKnownFileType = sourcecode.c.objc; path = ByteOrderCheckerUITests.m; sourceTree = "<group>"; };
		0005EC221C0D62B6004A3473 /* Info.plist */ = {isa = PBXFileReference; lastKnownFileType = text.plist.xml; path = Info.plist; sourceTree = "<group>"; };
/* End PBXFileReference section */

/* Begin PBXFrameworksBuildPhase section */
		0005EBF51C0D62B6004A3473 /* Frameworks */ = {
			isa = PBXFrameworksBuildPhase;
			buildActionMask = 2147483647;
			files = (
			);
			runOnlyForDeploymentPostprocessing = 0;
		};
		0005EC0E1C0D62B6004A3473 /* Frameworks */ = {
			isa = PBXFrameworksBuildPhase;
			buildActionMask = 2147483647;
			files = (
			);
			runOnlyForDeploymentPostprocessing = 0;
		};
		0005EC191C0D62B6004A3473 /* Frameworks */ = {
			isa = PBXFrameworksBuildPhase;
			buildActionMask = 2147483647;
			files = (
			);
			runOnlyForDeploymentPostprocessing = 0;
		};
/* End PBXFrameworksBuildPhase section */

/* Begin PBXGroup section */
		0005EBEF1C0D62B5004A3473 = {
			isa = PBXGroup;
			children = (
				0005EBFA1C0D62B6004A3473 /* ByteOrderChecker */,
				0005EC141C0D62B6004A3473 /* ByteOrderCheckerTests */,
				0005EC1F1C0D62B6004A3473 /* ByteOrderCheckerUITests */,
				0005EBF91C0D62B6004A3473 /* Products */,
			);
			sourceTree = "<group>";
		};
		0005EBF91C0D62B6004A3473 /* Products */ = {
			isa = PBXGroup;
			children = (
				0005EBF81C0D62B6004A3473 /* ByteOrderChecker.app */,
				0005EC111C0D62B6004A3473 /* ByteOrderCheckerTests.xctest */,
				0005EC1C1C0D62B6004A3473 /* ByteOrderCheckerUITests.xctest */,
			);
			name = Products;
			sourceTree = "<group>";
		};
		0005EBFA1C0D62B6004A3473 /* ByteOrderChecker */ = {
			isa = PBXGroup;
			children = (
				0005EBFE1C0D62B6004A3473 /* AppDelegate.h */,
				0005EBFF1C0D62B6004A3473 /* AppDelegate.m */,
				0005EC011C0D62B6004A3473 /* ViewController.h */,
				0005EC021C0D62B6004A3473 /* ViewController.m */,
				0005EC041C0D62B6004A3473 /* Main.storyboard */,
				0005EC071C0D62B6004A3473 /* Assets.xcassets */,
				0005EC091C0D62B6004A3473 /* LaunchScreen.storyboard */,
				0005EC0C1C0D62B6004A3473 /* Info.plist */,
				0005EBFB1C0D62B6004A3473 /* Supporting Files */,
			);
			path = ByteOrderChecker;
			sourceTree = "<group>";
		};
		0005EBFB1C0D62B6004A3473 /* Supporting Files */ = {
			isa = PBXGroup;
			children = (
				0005EBFC1C0D62B6004A3473 /* main.m */,
			);
			name = "Supporting Files";
			sourceTree = "<group>";
		};
		0005EC141C0D62B6004A3473 /* ByteOrderCheckerTests */ = {
			isa = PBXGroup;
			children = (
				0005EC151C0D62B6004A3473 /* ByteOrderCheckerTests.m */,
				0005EC171C0D62B6004A3473 /* Info.plist */,
			);
			path = ByteOrderCheckerTests;
			sourceTree = "<group>";
		};
		0005EC1F1C0D62B6004A3473 /* ByteOrderCheckerUITests */ = {
			isa = PBXGroup;
			children = (
				0005EC201C0D62B6004A3473 /* ByteOrderCheckerUITests.m */,
				0005EC221C0D62B6004A3473 /* Info.plist */,
			);
			path = ByteOrderCheckerUITests;
			sourceTree = "<group>";
		};
/* End PBXGroup section */

/* Begin PBXNativeTarget section */
		0005EBF71C0D62B6004A3473 /* ByteOrderChecker */ = {
			isa = PBXNativeTarget;
			buildConfigurationList = 0005EC251C0D62B6004A3473 /* Build configuration list for PBXNativeTarget "ByteOrderChecker" */;
			buildPhases = (
				0005EBF41C0D62B6004A3473 /* Sources */,
				0005EBF51C0D62B6004A3473 /* Frameworks */,
				0005EBF61C0D62B6004A3473 /* Resources */,
			);
			buildRules = (
			);
			dependencies = (
			);
			name = ByteOrderChecker;
			productName = ByteOrderChecker;
			productReference = 0005EBF81C0D62B6004A3473 /* ByteOrderChecker.app */;
			productType = "com.apple.product-type.application";
		};
		0005EC101C0D62B6004A3473 /* ByteOrderCheckerTests */ = {
			isa = PBXNativeTarget;
			buildConfigurationList = 0005EC281C0D62B6004A3473 /* Build configuration list for PBXNativeTarget "ByteOrderCheckerTests" */;
			buildPhases = (
				0005EC0D1C0D62B6004A3473 /* Sources */,
				0005EC0E1C0D62B6004A3473 /* Frameworks */,
				0005EC0F1C0D62B6004A3473 /* Resources */,
			);
			buildRules = (
			);
			dependencies = (
				0005EC131C0D62B6004A3473 /* PBXTargetDependency */,
			);
			name = ByteOrderCheckerTests;
			productName = ByteOrderCheckerTests;
			productReference = 0005EC111C0D62B6004A3473 /* ByteOrderCheckerTests.xctest */;
			productType = "com.apple.product-type.bundle.unit-test";
		};
		0005EC1B1C0D62B6004A3473 /* ByteOrderCheckerUITests */ = {
			isa = PBXNativeTarget;
			buildConfigurationList = 0005EC2B1C0D62B6004A3473 /* Build configuration list for PBXNativeTarget "ByteOrderCheckerUITests" */;
			buildPhases = (
				0005EC181C0D62B6004A3473 /* Sources */,
				0005EC191C0D62B6004A3473 /* Frameworks */,
				0005EC1A1C0D62B6004A3473 /* Resources */,
			);
			buildRules = (
			);
			dependencies = (
				0005EC1E1C0D62B6004A3473 /* PBXTargetDependency */,
			);
			name = ByteOrderCheckerUITests;
			productName = ByteOrderCheckerUITests;
			productReference = 0005EC1C1C0D62B6004A3473 /* ByteOrderCheckerUITests.xctest */;
			productType = "com.apple.product-type.bundle.ui-testing";
		};
/* End PBXNativeTarget section */

/* Begin PBXProject section */
		0005EBF01C0D62B5004A3473 /* Project object */ = {
			isa = PBXProject;
			attributes = {
				LastUpgradeCheck = 0710;
				ORGANIZATIONNAME = "Kibousoft LLC.";
				TargetAttributes = {
					0005EBF71C0D62B6004A3473 = {
						CreatedOnToolsVersion = 7.1;
					};
					0005EC101C0D62B6004A3473 = {
						CreatedOnToolsVersion = 7.1;
						TestTargetID = 0005EBF71C0D62B6004A3473;
					};
					0005EC1B1C0D62B6004A3473 = {
						CreatedOnToolsVersion = 7.1;
						TestTargetID = 0005EBF71C0D62B6004A3473;
					};
				};
			};
			buildConfigurationList = 0005EBF31C0D62B6004A3473 /* Build configuration list for PBXProject "ByteOrderChecker" */;
			compatibilityVersion = "Xcode 3.2";
			developmentRegion = English;
			hasScannedForEncodings = 0;
			knownRegions = (
				en,
				Base,
			);
			mainGroup = 0005EBEF1C0D62B5004A3473;
			productRefGroup = 0005EBF91C0D62B6004A3473 /* Products */;
			projectDirPath = "";
			projectRoot = "";
			targets = (
				0005EBF71C0D62B6004A3473 /* ByteOrderChecker */,
				0005EC101C0D62B6004A3473 /* ByteOrderCheckerTests */,
				0005EC1B1C0D62B6004A3473 /* ByteOrderCheckerUITests */,
			);
		};
/* End PBXProject section */

/* Begin PBXResourcesBuildPhase section */
		0005EBF61C0D62B6004A3473 /* Resources */ = {
			isa = PBXResourcesBuildPhase;
			buildActionMask = 2147483647;
			files = (
				0005EC0B1C0D62B6004A3473 /* LaunchScreen.storyboard in Resources */,
				0005EC081C0D62B6004A3473 /* Assets.xcassets in Resources */,
				0005EC061C0D62B6004A3473 /* Main.storyboard in Resources */,
			);
			runOnlyForDeploymentPostprocessing = 0;
		};
		0005EC0F1C0D62B6004A3473 /* Resources */ = {
			isa = PBXResourcesBuildPhase;
			buildActionMask = 2147483647;
			files = (
			);
			runOnlyForDeploymentPostprocessing = 0;
		};
		0005EC1A1C0D62B6004A3473 /* Resources */ = {
			isa = PBXResourcesBuildPhase;
			buildActionMask = 2147483647;
			files = (
			);
			runOnlyForDeploymentPostprocessing = 0;
		};
/* End PBXResourcesBuildPhase section */

/* Begin PBXSourcesBuildPhase section */
		0005EBF41C0D62B6004A3473 /* Sources */ = {
			isa = PBXSourcesBuildPhase;
			buildActionMask = 2147483647;
			files = (
				0005EC031C0D62B6004A3473 /* ViewController.m in Sources */,
				0005EC001C0D62B6004A3473 /* AppDelegate.m in Sources */,
				0005EBFD1C0D62B6004A3473 /* main.m in Sources */,
			);
			runOnlyForDeploymentPostprocessing = 0;
		};
		0005EC0D1C0D62B6004A3473 /* Sources */ = {
			isa = PBXSourcesBuildPhase;
			buildActionMask = 2147483647;
			files = (
				0005EC161C0D62B6004A3473 /* ByteOrderCheckerTests.m in Sources */,
			);
			runOnlyForDeploymentPostprocessing = 0;
		};
		0005EC181C0D62B6004A3473 /* Sources */ = {
			isa = PBXSourcesBuildPhase;
			buildActionMask = 2147483647;
			files = (
				0005EC211C0D62B6004A3473 /* ByteOrderCheckerUITests.m in Sources */,
			);
			runOnlyForDeploymentPostprocessing = 0;
		};
/* End PBXSourcesBuildPhase section */

/* Begin PBXTargetDependency section */
		0005EC131C0D62B6004A3473 /* PBXTargetDependency */ = {
			isa = PBXTargetDependency;
			target = 0005EBF71C0D62B6004A3473 /* ByteOrderChecker */;
			targetProxy = 0005EC121C0D62B6004A3473 /* PBXContainerItemProxy */;
		};
		0005EC1E1C0D62B6004A3473 /* PBXTargetDependency */ = {
			isa = PBXTargetDependency;
			target = 0005EBF71C0D62B6004A3473 /* ByteOrderChecker */;
			targetProxy = 0005EC1D1C0D62B6004A3473 /* PBXContainerItemProxy */;
		};
/* End PBXTargetDependency section */

/* Begin PBXVariantGroup section */
		0005EC041C0D62B6004A3473 /* Main.storyboard */ = {
			isa = PBXVariantGroup;
			children = (
				0005EC051C0D62B6004A3473 /* Base */,
			);
			name = Main.storyboard;
			sourceTree = "<group>";
		};
		0005EC091C0D62B6004A3473 /* LaunchScreen.storyboard */ = {
			isa = PBXVariantGroup;
			children = (
				0005EC0A1C0D62B6004A3473 /* Base */,
			);
			name = LaunchScreen.storyboard;
			sourceTree = "<group>";
		};
/* End PBXVariantGroup section */

/* Begin XCBuildConfiguration section */
		0005EC231C0D62B6004A3473 /* Debug */ = {
			isa = XCBuildConfiguration;
			buildSettings = {
				ALWAYS_SEARCH_USER_PATHS = NO;
				CLANG_CXX_LANGUAGE_STANDARD = "gnu++0x";
				CLANG_CXX_LIBRARY = "libc++";
				CLANG_ENABLE_MODULES = YES;
				CLANG_ENABLE_OBJC_ARC = YES;
				CLANG_WARN_BOOL_CONVERSION = YES;
				CLANG_WARN_CONSTANT_CONVERSION = YES;
				CLANG_WARN_DIRECT_OBJC_ISA_USAGE = YES_ERROR;
				CLANG_WARN_EMPTY_BODY = YES;
				CLANG_WARN_ENUM_CONVERSION = YES;
				CLANG_WARN_INT_CONVERSION = YES;
				CLANG_WARN_OBJC_ROOT_CLASS = YES_ERROR;
				CLANG_WARN_UNREACHABLE_CODE = YES;
				CLANG_WARN__DUPLICATE_METHOD_MATCH = YES;
				"CODE_SIGN_IDENTITY[sdk=iphoneos*]" = "iPhone Developer";
				COPY_PHASE_STRIP = NO;
				DEBUG_INFORMATION_FORMAT = dwarf;
				ENABLE_STRICT_OBJC_MSGSEND = YES;
				ENABLE_TESTABILITY = YES;
				GCC_C_LANGUAGE_STANDARD = gnu99;
				GCC_DYNAMIC_NO_PIC = NO;
				GCC_NO_COMMON_BLOCKS = YES;
				GCC_OPTIMIZATION_LEVEL = 0;
				GCC_PREPROCESSOR_DEFINITIONS = (
					"DEBUG=1",
					"$(inherited)",
				);
				GCC_WARN_64_TO_32_BIT_CONVERSION = YES;
				GCC_WARN_ABOUT_RETURN_TYPE = YES_ERROR;
				GCC_WARN_UNDECLARED_SELECTOR = YES;
				GCC_WARN_UNINITIALIZED_AUTOS = YES_AGGRESSIVE;
				GCC_WARN_UNUSED_FUNCTION = YES;
				GCC_WARN_UNUSED_VARIABLE = YES;
				IPHONEOS_DEPLOYMENT_TARGET = 9.1;
				MTL_ENABLE_DEBUG_INFO = YES;
				ONLY_ACTIVE_ARCH = YES;
				SDKROOT = iphoneos;
				TARGETED_DEVICE_FAMILY = "1,2";
			};
			name = Debug;
		};
		0005EC241C0D62B6004A3473 /* Release */ = {
			isa = XCBuildConfiguration;
			buildSettings = {
				ALWAYS_SEARCH_USER_PATHS = NO;
				CLANG_CXX_LANGUAGE_STANDARD = "gnu++0x";
				CLANG_CXX_LIBRARY = "libc++";
				CLANG_ENABLE_MODULES = YES;
				CLANG_ENABLE_OBJC_ARC = YES;
				CLANG_WARN_BOOL_CONVERSION = YES;
				CLANG_WARN_CONSTANT_CONVERSION = YES;
				CLANG_WARN_DIRECT_OBJC_ISA_USAGE = YES_ERROR;
				CLANG_WARN_EMPTY_BODY = YES;
				CLANG_WARN_ENUM_CONVERSION = YES;
				CLANG_WARN_INT_CONVERSION = YES;
				CLANG_WARN_OBJC_ROOT_CLASS = YES_ERROR;
				CLANG_WARN_UNREACHABLE_CODE = YES;
				CLANG_WARN__DUPLICATE_METHOD_MATCH = YES;
				"CODE_SIGN_IDENTITY[sdk=iphoneos*]" = "iPhone Developer";
				COPY_PHASE_STRIP = NO;
				DEBUG_INFORMATION_FORMAT = "dwarf-with-dsym";
				ENABLE_NS_ASSERTIONS = NO;
				ENABLE_STRICT_OBJC_MSGSEND = YES;
				GCC_C_LANGUAGE_STANDARD = gnu99;
				GCC_NO_COMMON_BLOCKS = YES;
				GCC_WARN_64_TO_32_BIT_CONVERSION = YES;
				GCC_WARN_ABOUT_RETURN_TYPE = YES_ERROR;
				GCC_WARN_UNDECLARED_SELECTOR = YES;
				GCC_WARN_UNINITIALIZED_AUTOS = YES_AGGRESSIVE;
				GCC_WARN_UNUSED_FUNCTION = YES;
				GCC_WARN_UNUSED_VARIABLE = YES;
				IPHONEOS_DEPLOYMENT_TARGET = 9.1;
				MTL_ENABLE_DEBUG_INFO = NO;
				SDKROOT = iphoneos;
				TARGETED_DEVICE_FAMILY = "1,2";
				VALIDATE_PRODUCT = YES;
			};
			name = Release;
		};
		0005EC261C0D62B6004A3473 /* Debug */ = {
			isa = XCBuildConfiguration;
			buildSettings = {
				ARCHS = armv7;
				ASSETCATALOG_COMPILER_APPICON_NAME = AppIcon;
				INFOPLIST_FILE = ByteOrderChecker/Info.plist;
				IPHONEOS_DEPLOYMENT_TARGET = 6.0;
				LD_RUNPATH_SEARCH_PATHS = "$(inherited) @executable_path/Frameworks";
				PRODUCT_BUNDLE_IDENTIFIER = jp.co.kibousoft.ByteOrderChecker;
				PRODUCT_NAME = "$(TARGET_NAME)";
				VALID_ARCHS = armv7;
			};
			name = Debug;
		};
		0005EC271C0D62B6004A3473 /* Release */ = {
			isa = XCBuildConfiguration;
			buildSettings = {
				ARCHS = armv7;
				ASSETCATALOG_COMPILER_APPICON_NAME = AppIcon;
				INFOPLIST_FILE = ByteOrderChecker/Info.plist;
				IPHONEOS_DEPLOYMENT_TARGET = 6.0;
				LD_RUNPATH_SEARCH_PATHS = "$(inherited) @executable_path/Frameworks";
				PRODUCT_BUNDLE_IDENTIFIER = jp.co.kibousoft.ByteOrderChecker;
				PRODUCT_NAME = "$(TARGET_NAME)";
				VALID_ARCHS = armv7;
			};
			name = Release;
		};
		0005EC291C0D62B6004A3473 /* Debug */ = {
			isa = XCBuildConfiguration;
			buildSettings = {
				BUNDLE_LOADER = "$(TEST_HOST)";
				INFOPLIST_FILE = ByteOrderCheckerTests/Info.plist;
				LD_RUNPATH_SEARCH_PATHS = "$(inherited) @executable_path/Frameworks @loader_path/Frameworks";
				PRODUCT_BUNDLE_IDENTIFIER = jp.co.kibousoft.ByteOrderCheckerTests;
				PRODUCT_NAME = "$(TARGET_NAME)";
				TEST_HOST = "$(BUILT_PRODUCTS_DIR)/ByteOrderChecker.app/ByteOrderChecker";
			};
			name = Debug;
		};
		0005EC2A1C0D62B6004A3473 /* Release */ = {
			isa = XCBuildConfiguration;
			buildSettings = {
				BUNDLE_LOADER = "$(TEST_HOST)";
				INFOPLIST_FILE = ByteOrderCheckerTests/Info.plist;
				LD_RUNPATH_SEARCH_PATHS = "$(inherited) @executable_path/Frameworks @loader_path/Frameworks";
				PRODUCT_BUNDLE_IDENTIFIER = jp.co.kibousoft.ByteOrderCheckerTests;
				PRODUCT_NAME = "$(TARGET_NAME)";
				TEST_HOST = "$(BUILT_PRODUCTS_DIR)/ByteOrderChecker.app/ByteOrderChecker";
			};
			name = Release;
		};
		0005EC2C1C0D62B6004A3473 /* Debug */ = {
			isa = XCBuildConfiguration;
			buildSettings = {
				INFOPLIST_FILE = ByteOrderCheckerUITests/Info.plist;
				LD_RUNPATH_SEARCH_PATHS = "$(inherited) @executable_path/Frameworks @loader_path/Frameworks";
				PRODUCT_BUNDLE_IDENTIFIER = jp.co.kibousoft.ByteOrderCheckerUITests;
				PRODUCT_NAME = "$(TARGET_NAME)";
				TEST_TARGET_NAME = ByteOrderChecker;
				USES_XCTRUNNER = YES;
			};
			name = Debug;
		};
		0005EC2D1C0D62B6004A3473 /* Release */ = {
			isa = XCBuildConfiguration;
			buildSettings = {
				INFOPLIST_FILE = ByteOrderCheckerUITests/Info.plist;
				LD_RUNPATH_SEARCH_PATHS = "$(inherited) @executable_path/Frameworks @loader_path/Frameworks";
				PRODUCT_BUNDLE_IDENTIFIER = jp.co.kibousoft.ByteOrderCheckerUITests;
				PRODUCT_NAME = "$(TARGET_NAME)";
				TEST_TARGET_NAME = ByteOrderChecker;
				USES_XCTRUNNER = YES;
			};
			name = Release;
		};
/* End XCBuildConfiguration section */

/* Begin XCConfigurationList section */
		0005EBF31C0D62B6004A3473 /* Build configuration list for PBXProject "ByteOrderChecker" */ = {
			isa = XCConfigurationList;
			buildConfigurations = (
				0005EC231C0D62B6004A3473 /* Debug */,
				0005EC241C0D62B6004A3473 /* Release */,
			);
			defaultConfigurationIsVisible = 0;
			defaultConfigurationName = Release;
		};
		0005EC251C0D62B6004A3473 /* Build configuration list for PBXNativeTarget "ByteOrderChecker" */ = {
			isa = XCConfigurationList;
			buildConfigurations = (
				0005EC261C0D62B6004A3473 /* Debug */,
				0005EC271C0D62B6004A3473 /* Release */,
			);
			defaultConfigurationIsVisible = 0;
		};
		0005EC281C0D62B6004A3473 /* Build configuration list for PBXNativeTarget "ByteOrderCheckerTests" */ = {
			isa = XCConfigurationList;
			buildConfigurations = (
				0005EC291C0D62B6004A3473 /* Debug */,
				0005EC2A1C0D62B6004A3473 /* Release */,
			);
			defaultConfigurationIsVisible = 0;
		};
		0005EC2B1C0D62B6004A3473 /* Build configuration list for PBXNativeTarget "ByteOrderCheckerUITests" */ = {
			isa = XCConfigurationList;
			buildConfigurations = (
				0005EC2C1C0D62B6004A3473 /* Debug */,
				0005EC2D1C0D62B6004A3473 /* Release */,
			);
			defaultConfigurationIsVisible = 0;
		};
/* End XCConfigurationList section */
	};
	rootObject = 0005EBF01C0D62B5004A3473 /* Project object */;
}
